
Microsoft Visual Studio Solution File, Format Version 12.00
# Visual Studio 14
VisualStudioVersion = 14.0.25123.0
MinimumVisualStudioVersion = 10.0.40219.1
Project("{2150E333-8FDC-42A3-9474-1A3956D46DE8}") = "src", "src", "{A275CD6F-585A-4D3B-86E3-699B299A6855}"
EndProject
Project("{2150E333-8FDC-42A3-9474-1A3956D46DE8}") = "Solution Items", "Solution Items", "{B8BF0BCF-7795-42BD-9041-A05C388E82D4}"
	ProjectSection(SolutionItems) = preProject
		global.json = global.json
	EndProjectSection
EndProject
Project("{8BB2217D-0F2D-49D1-97BC-3654ED321F3B}") = "ToDoList", "src\ToDoList\ToDoList.xproj", "{82C58626-F42C-484F-9226-DF3FB1042A2F}"
EndProject
Global
	GlobalSection(SolutionConfigurationPlatforms) = preSolution
		Debug|Any CPU = Debug|Any CPU
		Release|Any CPU = Release|Any CPU
	EndGlobalSection
	GlobalSection(ProjectConfigurationPlatforms) = postSolution
		{82C58626-F42C-484F-9226-DF3FB1042A2F}.Debug|Any CPU.ActiveCfg = Debug|Any CPU
		{82C58626-F42C-484F-9226-DF3FB1042A2F}.Debug|Any CPU.Build.0 = Debug|Any CPU
		{82C58626-F42C-484F-9226-DF3FB1042A2F}.Release|Any CPU.ActiveCfg = Release|Any CPU
		{82C58626-F42C-484F-9226-DF3FB1042A2F}.Release|Any CPU.Build.0 = Release|Any CPU
	EndGlobalSection
	GlobalSection(SolutionProperties) = preSolution
		HideSolutionNode = FALSE
	EndGlobalSection
	GlobalSection(NestedProjects) = preSolution
		{82C58626-F42C-484F-9226-DF3FB1042A2F} = {A275CD6F-585A-4D3B-86E3-699B299A6855}
	EndGlobalSection
EndGlobal
